// !$*UTF8*$!
{
	archiveVersion = 1;
	classes = {
	};
	objectVersion = 50;
	objects = {

/* Begin PBXBuildFile section */
		0073EB19FFBDE6B72A8D4853 /* libPods-ZJHDemoTests.a in Frameworks */ = {isa = PBXBuildFile; fileRef = 7A057989C7D7AC9EA767E253 /* libPods-ZJHDemoTests.a */; };
		30070E945E9FE134529F16D1 /* libPods-ZJHDemoUITests.a in Frameworks */ = {isa = PBXBuildFile; fileRef = 6C82CFD7D40A437BD710BBC8 /* libPods-ZJHDemoUITests.a */; };
		CF01338022841A9600F1B1D4 /* AppDelegate.m in Sources */ = {isa = PBXBuildFile; fileRef = CF01337F22841A9600F1B1D4 /* AppDelegate.m */; };
		CF01338322841A9600F1B1D4 /* ViewController.m in Sources */ = {isa = PBXBuildFile; fileRef = CF01338222841A9600F1B1D4 /* ViewController.m */; };
		CF01338622841A9600F1B1D4 /* Main.storyboard in Resources */ = {isa = PBXBuildFile; fileRef = CF01338422841A9600F1B1D4 /* Main.storyboard */; };
		CF01338922841A9600F1B1D4 /* ZJHDemo.xcdatamodeld in Sources */ = {isa = PBXBuildFile; fileRef = CF01338722841A9600F1B1D4 /* ZJHDemo.xcdatamodeld */; };
		CF01338B22841A9800F1B1D4 /* Assets.xcassets in Resources */ = {isa = PBXBuildFile; fileRef = CF01338A22841A9800F1B1D4 /* Assets.xcassets */; };
		CF01338E22841A9800F1B1D4 /* LaunchScreen.storyboard in Resources */ = {isa = PBXBuildFile; fileRef = CF01338C22841A9800F1B1D4 /* LaunchScreen.storyboard */; };
		CF01339122841A9800F1B1D4 /* main.m in Sources */ = {isa = PBXBuildFile; fileRef = CF01339022841A9800F1B1D4 /* main.m */; };
		CF01339B22841A9800F1B1D4 /* ZJHDemoTests.m in Sources */ = {isa = PBXBuildFile; fileRef = CF01339A22841A9800F1B1D4 /* ZJHDemoTests.m */; };
		CF0133A622841A9800F1B1D4 /* ZJHDemoUITests.m in Sources */ = {isa = PBXBuildFile; fileRef = CF0133A522841A9800F1B1D4 /* ZJHDemoUITests.m */; };
		E805E099B0D8E3DC36490895 /* libPods-ZJHDemo.a in Frameworks */ = {isa = PBXBuildFile; fileRef = A13B2FC4FE10B3FEF23A5A7E /* libPods-ZJHDemo.a */; };
/* End PBXBuildFile section */

/* Begin PBXContainerItemProxy section */
		CF01339722841A9800F1B1D4 /* PBXContainerItemProxy */ = {
			isa = PBXContainerItemProxy;
			containerPortal = CF01337322841A9600F1B1D4 /* Project object */;
			proxyType = 1;
			remoteGlobalIDString = CF01337A22841A9600F1B1D4;
			remoteInfo = ZJHDemo;
		};
		CF0133A222841A9800F1B1D4 /* PBXContainerItemProxy */ = {
			isa = PBXContainerItemProxy;
			containerPortal = CF01337322841A9600F1B1D4 /* Project object */;
			proxyType = 1;
			remoteGlobalIDString = CF01337A22841A9600F1B1D4;
			remoteInfo = ZJHDemo;
		};
/* End PBXContainerItemProxy section */

/* Begin PBXFileReference section */
		290ECDEF6C13B2F6CE80B61D /* Pods-ZJHDemo.release.xcconfig */ = {isa = PBXFileReference; includeInIndex = 1; lastKnownFileType = text.xcconfig; name = "Pods-ZJHDemo.release.xcconfig"; path = "Pods/Target Support Files/Pods-ZJHDemo/Pods-ZJHDemo.release.xcconfig"; sourceTree = "<group>"; };
		65E7FB191BA62687E5269521 /* Pods-ZJHDemoUITests.debug.xcconfig */ = {isa = PBXFileReference; includeInIndex = 1; lastKnownFileType = text.xcconfig; name = "Pods-ZJHDemoUITests.debug.xcconfig"; path = "Pods/Target Support Files/Pods-ZJHDemoUITests/Pods-ZJHDemoUITests.debug.xcconfig"; sourceTree = "<group>"; };
		6C82CFD7D40A437BD710BBC8 /* libPods-ZJHDemoUITests.a */ = {isa = PBXFileReference; explicitFileType = archive.ar; includeInIndex = 0; path = "libPods-ZJHDemoUITests.a"; sourceTree = BUILT_PRODUCTS_DIR; };
		767C0C290E00F67712480563 /* Pods-ZJHDemoTests.debug.xcconfig */ = {isa = PBXFileReference; includeInIndex = 1; lastKnownFileType = text.xcconfig; name = "Pods-ZJHDemoTests.debug.xcconfig"; path = "Pods/Target Support Files/Pods-ZJHDemoTests/Pods-ZJHDemoTests.debug.xcconfig"; sourceTree = "<group>"; };
		7A057989C7D7AC9EA767E253 /* libPods-ZJHDemoTests.a */ = {isa = PBXFileReference; explicitFileType = archive.ar; includeInIndex = 0; path = "libPods-ZJHDemoTests.a"; sourceTree = BUILT_PRODUCTS_DIR; };
		A13B2FC4FE10B3FEF23A5A7E /* libPods-ZJHDemo.a */ = {isa = PBXFileReference; explicitFileType = archive.ar; includeInIndex = 0; path = "libPods-ZJHDemo.a"; sourceTree = BUILT_PRODUCTS_DIR; };
		A2C26899635F4298FED03F37 /* Pods-ZJHDemoTests.release.xcconfig */ = {isa = PBXFileReference; includeInIndex = 1; lastKnownFileType = text.xcconfig; name = "Pods-ZJHDemoTests.release.xcconfig"; path = "Pods/Target Support Files/Pods-ZJHDemoTests/Pods-ZJHDemoTests.release.xcconfig"; sourceTree = "<group>"; };
		CF01337B22841A9600F1B1D4 /* ZJHDemo.app */ = {isa = PBXFileReference; explicitFileType = wrapper.application; includeInIndex = 0; path = ZJHDemo.app; sourceTree = BUILT_PRODUCTS_DIR; };
		CF01337E22841A9600F1B1D4 /* AppDelegate.h */ = {isa = PBXFileReference; lastKnownFileType = sourcecode.c.h; path = AppDelegate.h; sourceTree = "<group>"; };
		CF01337F22841A9600F1B1D4 /* AppDelegate.m */ = {isa = PBXFileReference; lastKnownFileType = sourcecode.c.objc; path = AppDelegate.m; sourceTree = "<group>"; };
		CF01338122841A9600F1B1D4 /* ViewController.h */ = {isa = PBXFileReference; lastKnownFileType = sourcecode.c.h; path = ViewController.h; sourceTree = "<group>"; };
		CF01338222841A9600F1B1D4 /* ViewController.m */ = {isa = PBXFileReference; lastKnownFileType = sourcecode.c.objc; path = ViewController.m; sourceTree = "<group>"; };
		CF01338522841A9600F1B1D4 /* Base */ = {isa = PBXFileReference; lastKnownFileType = file.storyboard; name = Base; path = Base.lproj/Main.storyboard; sourceTree = "<group>"; };
		CF01338822841A9600F1B1D4 /* ZJHDemo.xcdatamodel */ = {isa = PBXFileReference; lastKnownFileType = wrapper.xcdatamodel; path = ZJHDemo.xcdatamodel; sourceTree = "<group>"; };
		CF01338A22841A9800F1B1D4 /* Assets.xcassets */ = {isa = PBXFileReference; lastKnownFileType = folder.assetcatalog; path = Assets.xcassets; sourceTree = "<group>"; };
		CF01338D22841A9800F1B1D4 /* Base */ = {isa = PBXFileReference; lastKnownFileType = file.storyboard; name = Base; path = Base.lproj/LaunchScreen.storyboard; sourceTree = "<group>"; };
		CF01338F22841A9800F1B1D4 /* Info.plist */ = {isa = PBXFileReference; lastKnownFileType = text.plist.xml; path = Info.plist; sourceTree = "<group>"; };
		CF01339022841A9800F1B1D4 /* main.m */ = {isa = PBXFileReference; lastKnownFileType = sourcecode.c.objc; path = main.m; sourceTree = "<group>"; };
		CF01339622841A9800F1B1D4 /* ZJHDemoTests.xctest */ = {isa = PBXFileReference; explicitFileType = wrapper.cfbundle; includeInIndex = 0; path = ZJHDemoTests.xctest; sourceTree = BUILT_PRODUCTS_DIR; };
		CF01339A22841A9800F1B1D4 /* ZJHDemoTests.m */ = {isa = PBXFileReference; lastKnownFileType = sourcecode.c.objc; path = ZJHDemoTests.m; sourceTree = "<group>"; };
		CF01339C22841A9800F1B1D4 /* Info.plist */ = {isa = PBXFileReference; lastKnownFileType = text.plist.xml; path = Info.plist; sourceTree = "<group>"; };
		CF0133A122841A9800F1B1D4 /* ZJHDemoUITests.xctest */ = {isa = PBXFileReference; explicitFileType = wrapper.cfbundle; includeInIndex = 0; path = ZJHDemoUITests.xctest; sourceTree = BUILT_PRODUCTS_DIR; };
		CF0133A522841A9800F1B1D4 /* ZJHDemoUITests.m */ = {isa = PBXFileReference; lastKnownFileType = sourcecode.c.objc; path = ZJHDemoUITests.m; sourceTree = "<group>"; };
		CF0133A722841A9800F1B1D4 /* Info.plist */ = {isa = PBXFileReference; lastKnownFileType = text.plist.xml; path = Info.plist; sourceTree = "<group>"; };
		F5F4835AE368CE379C16DFF3 /* Pods-ZJHDemoUITests.release.xcconfig */ = {isa = PBXFileReference; includeInIndex = 1; lastKnownFileType = text.xcconfig; name = "Pods-ZJHDemoUITests.release.xcconfig"; path = "Pods/Target Support Files/Pods-ZJHDemoUITests/Pods-ZJHDemoUITests.release.xcconfig"; sourceTree = "<group>"; };
		F92688307B4F3372E5B9A233 /* Pods-ZJHDemo.debug.xcconfig */ = {isa = PBXFileReference; includeInIndex = 1; lastKnownFileType = text.xcconfig; name = "Pods-ZJHDemo.debug.xcconfig"; path = "Pods/Target Support Files/Pods-ZJHDemo/Pods-ZJHDemo.debug.xcconfig"; sourceTree = "<group>"; };
/* End PBXFileReference section */

/* Begin PBXFrameworksBuildPhase section */
		CF01337822841A9600F1B1D4 /* Frameworks */ = {
			isa = PBXFrameworksBuildPhase;
			buildActionMask = 2147483647;
			files = (
				E805E099B0D8E3DC36490895 /* libPods-ZJHDemo.a in Frameworks */,
			);
			runOnlyForDeploymentPostprocessing = 0;
		};
		CF01339322841A9800F1B1D4 /* Frameworks */ = {
			isa = PBXFrameworksBuildPhase;
			buildActionMask = 2147483647;
			files = (
				0073EB19FFBDE6B72A8D4853 /* libPods-ZJHDemoTests.a in Frameworks */,
			);
			runOnlyForDeploymentPostprocessing = 0;
		};
		CF01339E22841A9800F1B1D4 /* Frameworks */ = {
			isa = PBXFrameworksBuildPhase;
			buildActionMask = 2147483647;
			files = (
				30070E945E9FE134529F16D1 /* libPods-ZJHDemoUITests.a in Frameworks */,
			);
			runOnlyForDeploymentPostprocessing = 0;
		};
/* End PBXFrameworksBuildPhase section */

/* Begin PBXGroup section */
		77EF02990A56F059B249F34B /* Pods */ = {
			isa = PBXGroup;
			children = (
				F92688307B4F3372E5B9A233 /* Pods-ZJHDemo.debug.xcconfig */,
				290ECDEF6C13B2F6CE80B61D /* Pods-ZJHDemo.release.xcconfig */,
				767C0C290E00F67712480563 /* Pods-ZJHDemoTests.debug.xcconfig */,
				A2C26899635F4298FED03F37 /* Pods-ZJHDemoTests.release.xcconfig */,
				65E7FB191BA62687E5269521 /* Pods-ZJHDemoUITests.debug.xcconfig */,
				F5F4835AE368CE379C16DFF3 /* Pods-ZJHDemoUITests.release.xcconfig */,
			);
			name = Pods;
			sourceTree = "<group>";
		};
		A23B18DA8A3231389F7FC508 /* Frameworks */ = {
			isa = PBXGroup;
			children = (
				A13B2FC4FE10B3FEF23A5A7E /* libPods-ZJHDemo.a */,
				7A057989C7D7AC9EA767E253 /* libPods-ZJHDemoTests.a */,
				6C82CFD7D40A437BD710BBC8 /* libPods-ZJHDemoUITests.a */,
			);
			name = Frameworks;
			sourceTree = "<group>";
		};
		CF01337222841A9600F1B1D4 = {
			isa = PBXGroup;
			children = (
				CF01337D22841A9600F1B1D4 /* ZJHDemo */,
				CF01339922841A9800F1B1D4 /* ZJHDemoTests */,
				CF0133A422841A9800F1B1D4 /* ZJHDemoUITests */,
				CF01337C22841A9600F1B1D4 /* Products */,
				77EF02990A56F059B249F34B /* Pods */,
				A23B18DA8A3231389F7FC508 /* Frameworks */,
			);
			sourceTree = "<group>";
		};
		CF01337C22841A9600F1B1D4 /* Products */ = {
			isa = PBXGroup;
			children = (
				CF01337B22841A9600F1B1D4 /* ZJHDemo.app */,
				CF01339622841A9800F1B1D4 /* ZJHDemoTests.xctest */,
				CF0133A122841A9800F1B1D4 /* ZJHDemoUITests.xctest */,
			);
			name = Products;
			sourceTree = "<group>";
		};
		CF01337D22841A9600F1B1D4 /* ZJHDemo */ = {
			isa = PBXGroup;
			children = (
				CF01337E22841A9600F1B1D4 /* AppDelegate.h */,
				CF01337F22841A9600F1B1D4 /* AppDelegate.m */,
				CF01338122841A9600F1B1D4 /* ViewController.h */,
				CF01338222841A9600F1B1D4 /* ViewController.m */,
				CF01338422841A9600F1B1D4 /* Main.storyboard */,
				CF01338A22841A9800F1B1D4 /* Assets.xcassets */,
				CF01338C22841A9800F1B1D4 /* LaunchScreen.storyboard */,
				CF01338F22841A9800F1B1D4 /* Info.plist */,
				CF01339022841A9800F1B1D4 /* main.m */,
				CF01338722841A9600F1B1D4 /* ZJHDemo.xcdatamodeld */,
			);
			path = ZJHDemo;
			sourceTree = "<group>";
		};
		CF01339922841A9800F1B1D4 /* ZJHDemoTests */ = {
			isa = PBXGroup;
			children = (
				CF01339A22841A9800F1B1D4 /* ZJHDemoTests.m */,
				CF01339C22841A9800F1B1D4 /* Info.plist */,
			);
			path = ZJHDemoTests;
			sourceTree = "<group>";
		};
		CF0133A422841A9800F1B1D4 /* ZJHDemoUITests */ = {
			isa = PBXGroup;
			children = (
				CF0133A522841A9800F1B1D4 /* ZJHDemoUITests.m */,
				CF0133A722841A9800F1B1D4 /* Info.plist */,
			);
			path = ZJHDemoUITests;
			sourceTree = "<group>";
		};
/* End PBXGroup section */

/* Begin PBXNativeTarget section */
		CF01337A22841A9600F1B1D4 /* ZJHDemo */ = {
			isa = PBXNativeTarget;
			buildConfigurationList = CF0133AA22841A9800F1B1D4 /* Build configuration list for PBXNativeTarget "ZJHDemo" */;
			buildPhases = (
				935CB52F253754D66000117A /* [CP] Check Pods Manifest.lock */,
				CF01337722841A9600F1B1D4 /* Sources */,
				CF01337822841A9600F1B1D4 /* Frameworks */,
				CF01337922841A9600F1B1D4 /* Resources */,
			);
			buildRules = (
			);
			dependencies = (
			);
			name = ZJHDemo;
			productName = ZJHDemo;
			productReference = CF01337B22841A9600F1B1D4 /* ZJHDemo.app */;
			productType = "com.apple.product-type.application";
		};
		CF01339522841A9800F1B1D4 /* ZJHDemoTests */ = {
			isa = PBXNativeTarget;
			buildConfigurationList = CF0133AD22841A9800F1B1D4 /* Build configuration list for PBXNativeTarget "ZJHDemoTests" */;
			buildPhases = (
				2FBA57F4BB5812BEF620D069 /* [CP] Check Pods Manifest.lock */,
				CF01339222841A9800F1B1D4 /* Sources */,
				CF01339322841A9800F1B1D4 /* Frameworks */,
				CF01339422841A9800F1B1D4 /* Resources */,
			);
			buildRules = (
			);
			dependencies = (
				CF01339822841A9800F1B1D4 /* PBXTargetDependency */,
			);
			name = ZJHDemoTests;
			productName = ZJHDemoTests;
			productReference = CF01339622841A9800F1B1D4 /* ZJHDemoTests.xctest */;
			productType = "com.apple.product-type.bundle.unit-test";
		};
		CF0133A022841A9800F1B1D4 /* ZJHDemoUITests */ = {
			isa = PBXNativeTarget;
			buildConfigurationList = CF0133B022841A9800F1B1D4 /* Build configuration list for PBXNativeTarget "ZJHDemoUITests" */;
			buildPhases = (
				9E3BCB124DAC55853F004450 /* [CP] Check Pods Manifest.lock */,
				CF01339D22841A9800F1B1D4 /* Sources */,
				CF01339E22841A9800F1B1D4 /* Frameworks */,
				CF01339F22841A9800F1B1D4 /* Resources */,
			);
			buildRules = (
			);
			dependencies = (
				CF0133A322841A9800F1B1D4 /* PBXTargetDependency */,
			);
			name = ZJHDemoUITests;
			productName = ZJHDemoUITests;
			productReference = CF0133A122841A9800F1B1D4 /* ZJHDemoUITests.xctest */;
			productType = "com.apple.product-type.bundle.ui-testing";
		};
/* End PBXNativeTarget section */

/* Begin PBXProject section */
		CF01337322841A9600F1B1D4 /* Project object */ = {
			isa = PBXProject;
			attributes = {
				LastUpgradeCheck = 1000;
				ORGANIZATIONNAME = "王振杰";
				TargetAttributes = {
					CF01337A22841A9600F1B1D4 = {
						CreatedOnToolsVersion = 10.0;
					};
					CF01339522841A9800F1B1D4 = {
						CreatedOnToolsVersion = 10.0;
						TestTargetID = CF01337A22841A9600F1B1D4;
					};
					CF0133A022841A9800F1B1D4 = {
						CreatedOnToolsVersion = 10.0;
						TestTargetID = CF01337A22841A9600F1B1D4;
					};
				};
			};
			buildConfigurationList = CF01337622841A9600F1B1D4 /* Build configuration list for PBXProject "ZJHDemo" */;
			compatibilityVersion = "Xcode 9.3";
			developmentRegion = en;
			hasScannedForEncodings = 0;
			knownRegions = (
				en,
				Base,
			);
			mainGroup = CF01337222841A9600F1B1D4;
			productRefGroup = CF01337C22841A9600F1B1D4 /* Products */;
			projectDirPath = "";
			projectRoot = "";
			targets = (
				CF01337A22841A9600F1B1D4 /* ZJHDemo */,
				CF01339522841A9800F1B1D4 /* ZJHDemoTests */,
				CF0133A022841A9800F1B1D4 /* ZJHDemoUITests */,
			);
		};
/* End PBXProject section */

/* Begin PBXResourcesBuildPhase section */
		CF01337922841A9600F1B1D4 /* Resources */ = {
			isa = PBXResourcesBuildPhase;
			buildActionMask = 2147483647;
			files = (
				CF01338E22841A9800F1B1D4 /* LaunchScreen.storyboard in Resources */,
				CF01338B22841A9800F1B1D4 /* Assets.xcassets in Resources */,
				CF01338622841A9600F1B1D4 /* Main.storyboard in Resources */,
			);
			runOnlyForDeploymentPostprocessing = 0;
		};
		CF01339422841A9800F1B1D4 /* Resources */ = {
			isa = PBXResourcesBuildPhase;
			buildActionMask = 2147483647;
			files = (
			);
			runOnlyForDeploymentPostprocessing = 0;
		};
		CF01339F22841A9800F1B1D4 /* Resources */ = {
			isa = PBXResourcesBuildPhase;
			buildActionMask = 2147483647;
			files = (
			);
			runOnlyForDeploymentPostprocessing = 0;
		};
/* End PBXResourcesBuildPhase section */

/* Begin PBXShellScriptBuildPhase section */
		2FBA57F4BB5812BEF620D069 /* [CP] Check Pods Manifest.lock */ = {
			isa = PBXShellScriptBuildPhase;
			buildActionMask = 2147483647;
			files = (
			);
			inputPaths = (
				"${PODS_PODFILE_DIR_PATH}/Podfile.lock",
				"${PODS_ROOT}/Manifest.lock",
			);
			name = "[CP] Check Pods Manifest.lock";
			outputPaths = (
				"$(DERIVED_FILE_DIR)/Pods-ZJHDemoTests-checkManifestLockResult.txt",
			);
			runOnlyForDeploymentPostprocessing = 0;
			shellPath = /bin/sh;
			shellScript = "diff \"${PODS_PODFILE_DIR_PATH}/Podfile.lock\" \"${PODS_ROOT}/Manifest.lock\" > /dev/null\nif [ $? != 0 ] ; then\n    # print error to STDERR\n    echo \"error: The sandbox is not in sync with the Podfile.lock. Run 'pod install' or update your CocoaPods installation.\" >&2\n    exit 1\nfi\n# This output is used by Xcode 'outputs' to avoid re-running this script phase.\necho \"SUCCESS\" > \"${SCRIPT_OUTPUT_FILE_0}\"\n";
			showEnvVarsInLog = 0;
		};
		935CB52F253754D66000117A /* [CP] Check Pods Manifest.lock */ = {
			isa = PBXShellScriptBuildPhase;
			buildActionMask = 2147483647;
			files = (
			);
			inputPaths = (
				"${PODS_PODFILE_DIR_PATH}/Podfile.lock",
				"${PODS_ROOT}/Manifest.lock",
			);
			name = "[CP] Check Pods Manifest.lock";
			outputPaths = (
				"$(DERIVED_FILE_DIR)/Pods-ZJHDemo-checkManifestLockResult.txt",
			);
			runOnlyForDeploymentPostprocessing = 0;
			shellPath = /bin/sh;
			shellScript = "diff \"${PODS_PODFILE_DIR_PATH}/Podfile.lock\" \"${PODS_ROOT}/Manifest.lock\" > /dev/null\nif [ $? != 0 ] ; then\n    # print error to STDERR\n    echo \"error: The sandbox is not in sync with the Podfile.lock. Run 'pod install' or update your CocoaPods installation.\" >&2\n    exit 1\nfi\n# This output is used by Xcode 'outputs' to avoid re-running this script phase.\necho \"SUCCESS\" > \"${SCRIPT_OUTPUT_FILE_0}\"\n";
			showEnvVarsInLog = 0;
		};
		9E3BCB124DAC55853F004450 /* [CP] Check Pods Manifest.lock */ = {
			isa = PBXShellScriptBuildPhase;
			buildActionMask = 2147483647;
			files = (
			);
			inputPaths = (
				"${PODS_PODFILE_DIR_PATH}/Podfile.lock",
				"${PODS_ROOT}/Manifest.lock",
			);
			name = "[CP] Check Pods Manifest.lock";
			outputPaths = (
				"$(DERIVED_FILE_DIR)/Pods-ZJHDemoUITests-checkManifestLockResult.txt",
			);
			runOnlyForDeploymentPostprocessing = 0;
			shellPath = /bin/sh;
			shellScript = "diff \"${PODS_PODFILE_DIR_PATH}/Podfile.lock\" \"${PODS_ROOT}/Manifest.lock\" > /dev/null\nif [ $? != 0 ] ; then\n    # print error to STDERR\n    echo \"error: The sandbox is not in sync with the Podfile.lock. Run 'pod install' or update your CocoaPods installation.\" >&2\n    exit 1\nfi\n# This output is used by Xcode 'outputs' to avoid re-running this script phase.\necho \"SUCCESS\" > \"${SCRIPT_OUTPUT_FILE_0}\"\n";
			showEnvVarsInLog = 0;
		};
/* End PBXShellScriptBuildPhase section */

/* Begin PBXSourcesBuildPhase section */
		CF01337722841A9600F1B1D4 /* Sources */ = {
			isa = PBXSourcesBuildPhase;
			buildActionMask = 2147483647;
			files = (
				CF01338322841A9600F1B1D4 /* ViewController.m in Sources */,
				CF01338022841A9600F1B1D4 /* AppDelegate.m in Sources */,
				CF01339122841A9800F1B1D4 /* main.m in Sources */,
				CF01338922841A9600F1B1D4 /* ZJHDemo.xcdatamodeld in Sources */,
			);
			runOnlyForDeploymentPostprocessing = 0;
		};
		CF01339222841A9800F1B1D4 /* Sources */ = {
			isa = PBXSourcesBuildPhase;
			buildActionMask = 2147483647;
			files = (
				CF01339B22841A9800F1B1D4 /* ZJHDemoTests.m in Sources */,
			);
			runOnlyForDeploymentPostprocessing = 0;
		};
		CF01339D22841A9800F1B1D4 /* Sources */ = {
			isa = PBXSourcesBuildPhase;
			buildActionMask = 2147483647;
			files = (
				CF0133A622841A9800F1B1D4 /* ZJHDemoUITests.m in Sources */,
			);
			runOnlyForDeploymentPostprocessing = 0;
		};
/* End PBXSourcesBuildPhase section */

/* Begin PBXTargetDependency section */
		CF01339822841A9800F1B1D4 /* PBXTargetDependency */ = {
			isa = PBXTargetDependency;
			target = CF01337A22841A9600F1B1D4 /* ZJHDemo */;
			targetProxy = CF01339722841A9800F1B1D4 /* PBXContainerItemProxy */;
		};
		CF0133A322841A9800F1B1D4 /* PBXTargetDependency */ = {
			isa = PBXTargetDependency;
			target = CF01337A22841A9600F1B1D4 /* ZJHDemo */;
			targetProxy = CF0133A222841A9800F1B1D4 /* PBXContainerItemProxy */;
		};
/* End PBXTargetDependency section */

/* Begin PBXVariantGroup section */
		CF01338422841A9600F1B1D4 /* Main.storyboard */ = {
			isa = PBXVariantGroup;
			children = (
				CF01338522841A9600F1B1D4 /* Base */,
			);
			name = Main.storyboard;
			sourceTree = "<group>";
		};
		CF01338C22841A9800F1B1D4 /* LaunchScreen.storyboard */ = {
			isa = PBXVariantGroup;
			children = (
				CF01338D22841A9800F1B1D4 /* Base */,
			);
			name = LaunchScreen.storyboard;
			sourceTree = "<group>";
		};
/* End PBXVariantGroup section */

/* Begin XCBuildConfiguration section */
		CF0133A822841A9800F1B1D4 /* Debug */ = {
			isa = XCBuildConfiguration;
			buildSettings = {
				ALWAYS_SEARCH_USER_PATHS = NO;
				CLANG_ANALYZER_NONNULL = YES;
				CLANG_ANALYZER_NUMBER_OBJECT_CONVERSION = YES_AGGRESSIVE;
				CLANG_CXX_LANGUAGE_STANDARD = "gnu++14";
				CLANG_CXX_LIBRARY = "libc++";
				CLANG_ENABLE_MODULES = YES;
				CLANG_ENABLE_OBJC_ARC = YES;
				CLANG_ENABLE_OBJC_WEAK = YES;
				CLANG_WARN_BLOCK_CAPTURE_AUTORELEASING = YES;
				CLANG_WARN_BOOL_CONVERSION = YES;
				CLANG_WARN_COMMA = YES;
				CLANG_WARN_CONSTANT_CONVERSION = YES;
				CLANG_WARN_DEPRECATED_OBJC_IMPLEMENTATIONS = YES;
				CLANG_WARN_DIRECT_OBJC_ISA_USAGE = YES_ERROR;
				CLANG_WARN_DOCUMENTATION_COMMENTS = YES;
				CLANG_WARN_EMPTY_BODY = YES;
				CLANG_WARN_ENUM_CONVERSION = YES;
				CLANG_WARN_INFINITE_RECURSION = YES;
				CLANG_WARN_INT_CONVERSION = YES;
				CLANG_WARN_NON_LITERAL_NULL_CONVERSION = YES;
				CLANG_WARN_OBJC_IMPLICIT_RETAIN_SELF = YES;
				CLANG_WARN_OBJC_LITERAL_CONVERSION = YES;
				CLANG_WARN_OBJC_ROOT_CLASS = YES_ERROR;
				CLANG_WARN_RANGE_LOOP_ANALYSIS = YES;
				CLANG_WARN_STRICT_PROTOTYPES = YES;
				CLANG_WARN_SUSPICIOUS_MOVE = YES;
				CLANG_WARN_UNGUARDED_AVAILABILITY = YES_AGGRESSIVE;
				CLANG_WARN_UNREACHABLE_CODE = YES;
				CLANG_WARN__DUPLICATE_METHOD_MATCH = YES;
				CODE_SIGN_IDENTITY = "iPhone Developer";
				COPY_PHASE_STRIP = NO;
				DEBUG_INFORMATION_FORMAT = dwarf;
				ENABLE_STRICT_OBJC_MSGSEND = YES;
				ENABLE_TESTABILITY = YES;
				GCC_C_LANGUAGE_STANDARD = gnu11;
				GCC_DYNAMIC_NO_PIC = NO;
				GCC_NO_COMMON_BLOCKS = YES;
				GCC_OPTIMIZATION_LEVEL = 0;
				GCC_PREPROCESSOR_DEFINITIONS = (
					"DEBUG=1",
					"$(inherited)",
				);
				GCC_WARN_64_TO_32_BIT_CONVERSION = YES;
				GCC_WARN_ABOUT_RETURN_TYPE = YES_ERROR;
				GCC_WARN_UNDECLARED_SELECTOR = YES;
				GCC_WARN_UNINITIALIZED_AUTOS = YES_AGGRESSIVE;
				GCC_WARN_UNUSED_FUNCTION = YES;
				GCC_WARN_UNUSED_VARIABLE = YES;
				IPHONEOS_DEPLOYMENT_TARGET = 12.0;
				MTL_ENABLE_DEBUG_INFO = INCLUDE_SOURCE;
				MTL_FAST_MATH = YES;
				ONLY_ACTIVE_ARCH = YES;
				SDKROOT = iphoneos;
			};
			name = Debug;
		};
		CF0133A922841A9800F1B1D4 /* Release */ = {
			isa = XCBuildConfiguration;
			buildSettings = {
				ALWAYS_SEARCH_USER_PATHS = NO;
				CLANG_ANALYZER_NONNULL = YES;
				CLANG_ANALYZER_NUMBER_OBJECT_CONVERSION = YES_AGGRESSIVE;
				CLANG_CXX_LANGUAGE_STANDARD = "gnu++14";
				CLANG_CXX_LIBRARY = "libc++";
				CLANG_ENABLE_MODULES = YES;
				CLANG_ENABLE_OBJC_ARC = YES;
				CLANG_ENABLE_OBJC_WEAK = YES;
				CLANG_WARN_BLOCK_CAPTURE_AUTORELEASING = YES;
				CLANG_WARN_BOOL_CONVERSION = YES;
				CLANG_WARN_COMMA = YES;
				CLANG_WARN_CONSTANT_CONVERSION = YES;
				CLANG_WARN_DEPRECATED_OBJC_IMPLEMENTATIONS = YES;
				CLANG_WARN_DIRECT_OBJC_ISA_USAGE = YES_ERROR;
				CLANG_WARN_DOCUMENTATION_COMMENTS = YES;
				CLANG_WARN_EMPTY_BODY = YES;
				CLANG_WARN_ENUM_CONVERSION = YES;
				CLANG_WARN_INFINITE_RECURSION = YES;
				CLANG_WARN_INT_CONVERSION = YES;
				CLANG_WARN_NON_LITERAL_NULL_CONVERSION = YES;
				CLANG_WARN_OBJC_IMPLICIT_RETAIN_SELF = YES;
				CLANG_WARN_OBJC_LITERAL_CONVERSION = YES;
				CLANG_WARN_OBJC_ROOT_CLASS = YES_ERROR;
				CLANG_WARN_RANGE_LOOP_ANALYSIS = YES;
				CLANG_WARN_STRICT_PROTOTYPES = YES;
				CLANG_WARN_SUSPICIOUS_MOVE = YES;
				CLANG_WARN_UNGUARDED_AVAILABILITY = YES_AGGRESSIVE;
				CLANG_WARN_UNREACHABLE_CODE = YES;
				CLANG_WARN__DUPLICATE_METHOD_MATCH = YES;
				CODE_SIGN_IDENTITY = "iPhone Developer";
				COPY_PHASE_STRIP = NO;
				DEBUG_INFORMATION_FORMAT = "dwarf-with-dsym";
				ENABLE_NS_ASSERTIONS = NO;
				ENABLE_STRICT_OBJC_MSGSEND = YES;
				GCC_C_LANGUAGE_STANDARD = gnu11;
				GCC_NO_COMMON_BLOCKS = YES;
				GCC_WARN_64_TO_32_BIT_CONVERSION = YES;
				GCC_WARN_ABOUT_RETURN_TYPE = YES_ERROR;
				GCC_WARN_UNDECLARED_SELECTOR = YES;
				GCC_WARN_UNINITIALIZED_AUTOS = YES_AGGRESSIVE;
				GCC_WARN_UNUSED_FUNCTION = YES;
				GCC_WARN_UNUSED_VARIABLE = YES;
				IPHONEOS_DEPLOYMENT_TARGET = 12.0;
				MTL_ENABLE_DEBUG_INFO = NO;
				MTL_FAST_MATH = YES;
				SDKROOT = iphoneos;
				VALIDATE_PRODUCT = YES;
			};
			name = Release;
		};
		CF0133AB22841A9800F1B1D4 /* Debug */ = {
			isa = XCBuildConfiguration;
			baseConfigurationReference = F92688307B4F3372E5B9A233 /* Pods-ZJHDemo.debug.xcconfig */;
			buildSettings = {
				ASSETCATALOG_COMPILER_APPICON_NAME = AppIcon;
				CODE_SIGN_STYLE = Automatic;
				DEVELOPMENT_TEAM = NK5U27UTYV;
				INFOPLIST_FILE = ZJHDemo/Info.plist;
				LD_RUNPATH_SEARCH_PATHS = (
					"$(inherited)",
					"@executable_path/Frameworks",
				);
				PRODUCT_BUNDLE_IDENTIFIER = com.ggjs.www.ZJHDemo;
				PRODUCT_NAME = "$(TARGET_NAME)";
				TARGETED_DEVICE_FAMILY = "1,2";
			};
			name = Debug;
		};
		CF0133AC22841A9800F1B1D4 /* Release */ = {
			isa = XCBuildConfiguration;
			baseConfigurationReference = 290ECDEF6C13B2F6CE80B61D /* Pods-ZJHDemo.release.xcconfig */;
			buildSettings = {
				ASSETCATALOG_COMPILER_APPICON_NAME = AppIcon;
				CODE_SIGN_STYLE = Automatic;
				DEVELOPMENT_TEAM = NK5U27UTYV;
				INFOPLIST_FILE = ZJHDemo/Info.plist;
				LD_RUNPATH_SEARCH_PATHS = (
					"$(inherited)",
					"@executable_path/Frameworks",
				);
				PRODUCT_BUNDLE_IDENTIFIER = com.ggjs.www.ZJHDemo;
				PRODUCT_NAME = "$(TARGET_NAME)";
				TARGETED_DEVICE_FAMILY = "1,2";
			};
			name = Release;
		};
		CF0133AE22841A9800F1B1D4 /* Debug */ = {
			isa = XCBuildConfiguration;
			baseConfigurationReference = 767C0C290E00F67712480563 /* Pods-ZJHDemoTests.debug.xcconfig */;
			buildSettings = {
				BUNDLE_LOADER = "$(TEST_HOST)";
				CODE_SIGN_STYLE = Automatic;
				DEVELOPMENT_TEAM = NK5U27UTYV;
				INFOPLIST_FILE = ZJHDemoTests/Info.plist;
				LD_RUNPATH_SEARCH_PATHS = (
					"$(inherited)",
					"@executable_path/Frameworks",
					"@loader_path/Frameworks",
				);
				PRODUCT_BUNDLE_IDENTIFIER = com.ggjs.www.ZJHDemoTests;
				PRODUCT_NAME = "$(TARGET_NAME)";
				TARGETED_DEVICE_FAMILY = "1,2";
				TEST_HOST = "$(BUILT_PRODUCTS_DIR)/ZJHDemo.app/ZJHDemo";
			};
			name = Debug;
		};
		CF0133AF22841A9800F1B1D4 /* Release */ = {
			isa = XCBuildConfiguration;
			baseConfigurationReference = A2C26899635F4298FED03F37 /* Pods-ZJHDemoTests.release.xcconfig */;
			buildSettings = {
				BUNDLE_LOADER = "$(TEST_HOST)";
				CODE_SIGN_STYLE = Automatic;
				DEVELOPMENT_TEAM = NK5U27UTYV;
				INFOPLIST_FILE = ZJHDemoTests/Info.plist;
				LD_RUNPATH_SEARCH_PATHS = (
					"$(inherited)",
					"@executable_path/Frameworks",
					"@loader_path/Frameworks",
				);
				PRODUCT_BUNDLE_IDENTIFIER = com.ggjs.www.ZJHDemoTests;
				PRODUCT_NAME = "$(TARGET_NAME)";
				TARGETED_DEVICE_FAMILY = "1,2";
				TEST_HOST = "$(BUILT_PRODUCTS_DIR)/ZJHDemo.app/ZJHDemo";
			};
			name = Release;
		};
		CF0133B122841A9800F1B1D4 /* Debug */ = {
			isa = XCBuildConfiguration;
			baseConfigurationReference = 65E7FB191BA62687E5269521 /* Pods-ZJHDemoUITests.debug.xcconfig */;
			buildSettings = {
				CODE_SIGN_STYLE = Automatic;
				DEVELOPMENT_TEAM = NK5U27UTYV;
				INFOPLIST_FILE = ZJHDemoUITests/Info.plist;
				LD_RUNPATH_SEARCH_PATHS = (
					"$(inherited)",
					"@executable_path/Frameworks",
					"@loader_path/Frameworks",
				);
				PRODUCT_BUNDLE_IDENTIFIER = com.ggjs.www.ZJHDemoUITests;
				PRODUCT_NAME = "$(TARGET_NAME)";
				TARGETED_DEVICE_FAMILY = "1,2";
				TEST_TARGET_NAME = ZJHDemo;
			};
			name = Debug;
		};
		CF0133B222841A9800F1B1D4 /* Release */ = {
			isa = XCBuildConfiguration;
			baseConfigurationReference = F5F4835AE368CE379C16DFF3 /* Pods-ZJHDemoUITests.release.xcconfig */;
			buildSettings = {
				CODE_SIGN_STYLE = Automatic;
				DEVELOPMENT_TEAM = NK5U27UTYV;
				INFOPLIST_FILE = ZJHDemoUITests/Info.plist;
				LD_RUNPATH_SEARCH_PATHS = (
					"$(inherited)",
					"@executable_path/Frameworks",
					"@loader_path/Frameworks",
				);
				PRODUCT_BUNDLE_IDENTIFIER = com.ggjs.www.ZJHDemoUITests;
				PRODUCT_NAME = "$(TARGET_NAME)";
				TARGETED_DEVICE_FAMILY = "1,2";
				TEST_TARGET_NAME = ZJHDemo;
			};
			name = Release;
		};
/* End XCBuildConfiguration section */

/* Begin XCConfigurationList section */
		CF01337622841A9600F1B1D4 /* Build configuration list for PBXProject "ZJHDemo" */ = {
			isa = XCConfigurationList;
			buildConfigurations = (
				CF0133A822841A9800F1B1D4 /* Debug */,
				CF0133A922841A9800F1B1D4 /* Release */,
			);
			defaultConfigurationIsVisible = 0;
			defaultConfigurationName = Release;
		};
		CF0133AA22841A9800F1B1D4 /* Build configuration list for PBXNativeTarget "ZJHDemo" */ = {
			isa = XCConfigurationList;
			buildConfigurations = (
				CF0133AB22841A9800F1B1D4 /* Debug */,
				CF0133AC22841A9800F1B1D4 /* Release */,
			);
			defaultConfigurationIsVisible = 0;
			defaultConfigurationName = Release;
		};
		CF0133AD22841A9800F1B1D4 /* Build configuration list for PBXNativeTarget "ZJHDemoTests" */ = {
			isa = XCConfigurationList;
			buildConfigurations = (
				CF0133AE22841A9800F1B1D4 /* Debug */,
				CF0133AF22841A9800F1B1D4 /* Release */,
			);
			defaultConfigurationIsVisible = 0;
			defaultConfigurationName = Release;
		};
		CF0133B022841A9800F1B1D4 /* Build configuration list for PBXNativeTarget "ZJHDemoUITests" */ = {
			isa = XCConfigurationList;
			buildConfigurations = (
				CF0133B122841A9800F1B1D4 /* Debug */,
				CF0133B222841A9800F1B1D4 /* Release */,
			);
			defaultConfigurationIsVisible = 0;
			defaultConfigurationName = Release;
		};
/* End XCConfigurationList section */

/* Begin XCVersionGroup section */
		CF01338722841A9600F1B1D4 /* ZJHDemo.xcdatamodeld */ = {
			isa = XCVersionGroup;
			children = (
				CF01338822841A9600F1B1D4 /* ZJHDemo.xcdatamodel */,
			);
			currentVersion = CF01338822841A9600F1B1D4 /* ZJHDemo.xcdatamodel */;
			path = ZJHDemo.xcdatamodeld;
			sourceTree = "<group>";
			versionGroupType = wrapper.xcdatamodel;
		};
/* End XCVersionGroup section */
	};
	rootObject = CF01337322841A9600F1B1D4 /* Project object */;
}
